
Microsoft Visual Studio Solution File, Format Version 12.00
# Visual Studio Version 17
VisualStudioVersion = 17.12.35527.113
MinimumVisualStudioVersion = 10.0.40219.1
Project("{FAE04EC0-301F-11D3-BF4B-00C04F79EFBC}") = "todo.WebApi", "todo.WebApi.csproj", "{EDF10E08-F45B-47E8-8010-73FE9EBDD7BA}"
	ProjectSection(ProjectDependencies) = postProject
		{107CD749-DF44-4337-8580-BDFB214FE376} = {107CD749-DF44-4337-8580-BDFB214FE376}
		{2B036FC0-228B-47C4-9DCB-ED2E037539CD} = {2B036FC0-228B-47C4-9DCB-ED2E037539CD}
	EndProjectSection
EndProject
Project("{FAE04EC0-301F-11D3-BF4B-00C04F79EFBC}") = "todo.BLL", "..\todo.BAL\todo.BLL.csproj", "{107CD749-DF44-4337-8580-BDFB214FE376}"
EndProject
Project("{FAE04EC0-301F-11D3-BF4B-00C04F79EFBC}") = "todo.DAL", "..\todo.DAL\todo.DAL.csproj", "{2B036FC0-228B-47C4-9DCB-ED2E037539CD}"
EndProject
Project("{FAE04EC0-301F-11D3-BF4B-00C04F79EFBC}") = "todo.Contracts", "..\todo.Contracts\todo.Contracts.csproj", "{7DFEA2BB-6A27-46A4-B164-B37C8901C0FE}"
EndProject
Project("{FAE04EC0-301F-11D3-BF4B-00C04F79EFBC}") = "todo.Models", "..\todo.Models\todo.Models.csproj", "{E5A19816-E1C4-40A8-9CB9-79F3DD44EDD8}"
EndProject
Project("{FAE04EC0-301F-11D3-BF4B-00C04F79EFBC}") = "todo.tests", "..\todo.tests\todo.tests.csproj", "{53C59F52-5A20-42E4-A524-B72785A6DA77}"
EndProject
Global
	GlobalSection(SolutionConfigurationPlatforms) = preSolution
		Debug|Any CPU = Debug|Any CPU
		Release|Any CPU = Release|Any CPU
	EndGlobalSection
	GlobalSection(ProjectConfigurationPlatforms) = postSolution
		{EDF10E08-F45B-47E8-8010-73FE9EBDD7BA}.Debug|Any CPU.ActiveCfg = Debug|Any CPU
		{EDF10E08-F45B-47E8-8010-73FE9EBDD7BA}.Debug|Any CPU.Build.0 = Debug|Any CPU
		{EDF10E08-F45B-47E8-8010-73FE9EBDD7BA}.Release|Any CPU.ActiveCfg = Release|Any CPU
		{EDF10E08-F45B-47E8-8010-73FE9EBDD7BA}.Release|Any CPU.Build.0 = Release|Any CPU
		{107CD749-DF44-4337-8580-BDFB214FE376}.Debug|Any CPU.ActiveCfg = Debug|Any CPU
		{107CD749-DF44-4337-8580-BDFB214FE376}.Debug|Any CPU.Build.0 = Debug|Any CPU
		{107CD749-DF44-4337-8580-BDFB214FE376}.Release|Any CPU.ActiveCfg = Release|Any CPU
		{107CD749-DF44-4337-8580-BDFB214FE376}.Release|Any CPU.Build.0 = Release|Any CPU
		{2B036FC0-228B-47C4-9DCB-ED2E037539CD}.Debug|Any CPU.ActiveCfg = Debug|Any CPU
		{2B036FC0-228B-47C4-9DCB-ED2E037539CD}.Debug|Any CPU.Build.0 = Debug|Any CPU
		{2B036FC0-228B-47C4-9DCB-ED2E037539CD}.Release|Any CPU.ActiveCfg = Release|Any CPU
		{2B036FC0-228B-47C4-9DCB-ED2E037539CD}.Release|Any CPU.Build.0 = Release|Any CPU
		{7DFEA2BB-6A27-46A4-B164-B37C8901C0FE}.Debug|Any CPU.ActiveCfg = Debug|Any CPU
		{7DFEA2BB-6A27-46A4-B164-B37C8901C0FE}.Debug|Any CPU.Build.0 = Debug|Any CPU
		{7DFEA2BB-6A27-46A4-B164-B37C8901C0FE}.Release|Any CPU.ActiveCfg = Release|Any CPU
		{7DFEA2BB-6A27-46A4-B164-B37C8901C0FE}.Release|Any CPU.Build.0 = Release|Any CPU
		{E5A19816-E1C4-40A8-9CB9-79F3DD44EDD8}.Debug|Any CPU.ActiveCfg = Debug|Any CPU
		{E5A19816-E1C4-40A8-9CB9-79F3DD44EDD8}.Debug|Any CPU.Build.0 = Debug|Any CPU
		{E5A19816-E1C4-40A8-9CB9-79F3DD44EDD8}.Release|Any CPU.ActiveCfg = Release|Any CPU
		{E5A19816-E1C4-40A8-9CB9-79F3DD44EDD8}.Release|Any CPU.Build.0 = Release|Any CPU
		{53C59F52-5A20-42E4-A524-B72785A6DA77}.Debug|Any CPU.ActiveCfg = Debug|Any CPU
		{53C59F52-5A20-42E4-A524-B72785A6DA77}.Debug|Any CPU.Build.0 = Debug|Any CPU
		{53C59F52-5A20-42E4-A524-B72785A6DA77}.Release|Any CPU.ActiveCfg = Release|Any CPU
		{53C59F52-5A20-42E4-A524-B72785A6DA77}.Release|Any CPU.Build.0 = Release|Any CPU
	EndGlobalSection
	GlobalSection(SolutionProperties) = preSolution
		HideSolutionNode = FALSE
	EndGlobalSection
EndGlobal
